// !$*UTF8*$!
{
	archiveVersion = 1;
	classes = {
	};
	objectVersion = 56;
	objects = {

/* Begin PBXBuildFile section */
		F4DD83DD2C8B4825007D16DE /* CountDownApp.swift in Sources */ = {isa = PBXBuildFile; fileRef = F4DD83DC2C8B4825007D16DE /* CountDownApp.swift */; };
		F4DD83DF2C8B4825007D16DE /* ContentView.swift in Sources */ = {isa = PBXBuildFile; fileRef = F4DD83DE2C8B4825007D16DE /* ContentView.swift */; };
		F4DD83E12C8B4826007D16DE /* Assets.xcassets in Resources */ = {isa = PBXBuildFile; fileRef = F4DD83E02C8B4826007D16DE /* Assets.xcassets */; };
		F4DD83E42C8B4826007D16DE /* Preview Assets.xcassets in Resources */ = {isa = PBXBuildFile; fileRef = F4DD83E32C8B4826007D16DE /* Preview Assets.xcassets */; };
		F4DD83EE2C8B4826007D16DE /* CountDownTests.swift in Sources */ = {isa = PBXBuildFile; fileRef = F4DD83ED2C8B4826007D16DE /* CountDownTests.swift */; };
		F4DD83F82C8B4826007D16DE /* CountDownUITests.swift in Sources */ = {isa = PBXBuildFile; fileRef = F4DD83F72C8B4826007D16DE /* CountDownUITests.swift */; };
		F4DD83FA2C8B4826007D16DE /* CountDownUITestsLaunchTests.swift in Sources */ = {isa = PBXBuildFile; fileRef = F4DD83F92C8B4826007D16DE /* CountDownUITestsLaunchTests.swift */; };
		F4DD840E2C8B4EF4007D16DE /* WidgetKit.framework in Frameworks */ = {isa = PBXBuildFile; fileRef = F4DD840D2C8B4EF4007D16DE /* WidgetKit.framework */; };
		F4DD84102C8B4EF4007D16DE /* SwiftUI.framework in Frameworks */ = {isa = PBXBuildFile; fileRef = F4DD840F2C8B4EF4007D16DE /* SwiftUI.framework */; };
		F4DD84132C8B4EF4007D16DE /* CountDownWidgetBundle.swift in Sources */ = {isa = PBXBuildFile; fileRef = F4DD84122C8B4EF4007D16DE /* CountDownWidgetBundle.swift */; };
		F4DD84152C8B4EF4007D16DE /* CountDownWidgetLiveActivity.swift in Sources */ = {isa = PBXBuildFile; fileRef = F4DD84142C8B4EF4007D16DE /* CountDownWidgetLiveActivity.swift */; };
		F4DD84172C8B4EF4007D16DE /* CountDownWidget.swift in Sources */ = {isa = PBXBuildFile; fileRef = F4DD84162C8B4EF4007D16DE /* CountDownWidget.swift */; };
		F4DD84192C8B4EF4007D16DE /* AppIntent.swift in Sources */ = {isa = PBXBuildFile; fileRef = F4DD84182C8B4EF4007D16DE /* AppIntent.swift */; };
		F4DD841B2C8B4EF5007D16DE /* Assets.xcassets in Resources */ = {isa = PBXBuildFile; fileRef = F4DD841A2C8B4EF5007D16DE /* Assets.xcassets */; };
		F4DD841F2C8B4EF5007D16DE /* CountDownWidgetExtension.appex in Embed Foundation Extensions */ = {isa = PBXBuildFile; fileRef = F4DD840B2C8B4EF4007D16DE /* CountDownWidgetExtension.appex */; settings = {ATTRIBUTES = (RemoveHeadersOnCopy, ); }; };
/* End PBXBuildFile section */

/* Begin PBXContainerItemProxy section */
		F4DD83EA2C8B4826007D16DE /* PBXContainerItemProxy */ = {
			isa = PBXContainerItemProxy;
			containerPortal = F4DD83D12C8B4825007D16DE /* Project object */;
			proxyType = 1;
			remoteGlobalIDString = F4DD83D82C8B4825007D16DE;
			remoteInfo = CountDown;
		};
		F4DD83F42C8B4826007D16DE /* PBXContainerItemProxy */ = {
			isa = PBXContainerItemProxy;
			containerPortal = F4DD83D12C8B4825007D16DE /* Project object */;
			proxyType = 1;
			remoteGlobalIDString = F4DD83D82C8B4825007D16DE;
			remoteInfo = CountDown;
		};
		F4DD841D2C8B4EF5007D16DE /* PBXContainerItemProxy */ = {
			isa = PBXContainerItemProxy;
			containerPortal = F4DD83D12C8B4825007D16DE /* Project object */;
			proxyType = 1;
			remoteGlobalIDString = F4DD840A2C8B4EF4007D16DE;
			remoteInfo = CountDownWidgetExtension;
		};
/* End PBXContainerItemProxy section */

/* Begin PBXCopyFilesBuildPhase section */
		F4DD84232C8B4EF5007D16DE /* Embed Foundation Extensions */ = {
			isa = PBXCopyFilesBuildPhase;
			buildActionMask = 2147483647;
			dstPath = "";
			dstSubfolderSpec = 13;
			files = (
				F4DD841F2C8B4EF5007D16DE /* CountDownWidgetExtension.appex in Embed Foundation Extensions */,
			);
			name = "Embed Foundation Extensions";
			runOnlyForDeploymentPostprocessing = 0;
		};
/* End PBXCopyFilesBuildPhase section */

/* Begin PBXFileReference section */
		F49114BC2C8B5856008C2281 /* CountDownWidgetExtensionDebug.entitlements */ = {isa = PBXFileReference; lastKnownFileType = text.plist.entitlements; path = CountDownWidgetExtensionDebug.entitlements; sourceTree = "<group>"; };
		F4DD83D92C8B4825007D16DE /* CountDown.app */ = {isa = PBXFileReference; explicitFileType = wrapper.application; includeInIndex = 0; path = CountDown.app; sourceTree = BUILT_PRODUCTS_DIR; };
		F4DD83DC2C8B4825007D16DE /* CountDownApp.swift */ = {isa = PBXFileReference; lastKnownFileType = sourcecode.swift; path = CountDownApp.swift; sourceTree = "<group>"; };
		F4DD83DE2C8B4825007D16DE /* ContentView.swift */ = {isa = PBXFileReference; lastKnownFileType = sourcecode.swift; path = ContentView.swift; sourceTree = "<group>"; };
		F4DD83E02C8B4826007D16DE /* Assets.xcassets */ = {isa = PBXFileReference; lastKnownFileType = folder.assetcatalog; path = Assets.xcassets; sourceTree = "<group>"; };
		F4DD83E32C8B4826007D16DE /* Preview Assets.xcassets */ = {isa = PBXFileReference; lastKnownFileType = folder.assetcatalog; path = "Preview Assets.xcassets"; sourceTree = "<group>"; };
		F4DD83E92C8B4826007D16DE /* CountDownTests.xctest */ = {isa = PBXFileReference; explicitFileType = wrapper.cfbundle; includeInIndex = 0; path = CountDownTests.xctest; sourceTree = BUILT_PRODUCTS_DIR; };
		F4DD83ED2C8B4826007D16DE /* CountDownTests.swift */ = {isa = PBXFileReference; lastKnownFileType = sourcecode.swift; path = CountDownTests.swift; sourceTree = "<group>"; };
		F4DD83F32C8B4826007D16DE /* CountDownUITests.xctest */ = {isa = PBXFileReference; explicitFileType = wrapper.cfbundle; includeInIndex = 0; path = CountDownUITests.xctest; sourceTree = BUILT_PRODUCTS_DIR; };
		F4DD83F72C8B4826007D16DE /* CountDownUITests.swift */ = {isa = PBXFileReference; lastKnownFileType = sourcecode.swift; path = CountDownUITests.swift; sourceTree = "<group>"; };
		F4DD83F92C8B4826007D16DE /* CountDownUITestsLaunchTests.swift */ = {isa = PBXFileReference; lastKnownFileType = sourcecode.swift; path = CountDownUITestsLaunchTests.swift; sourceTree = "<group>"; };
		F4DD84062C8B4BFA007D16DE /* CountDownDebug.entitlements */ = {isa = PBXFileReference; lastKnownFileType = text.plist.entitlements; path = CountDownDebug.entitlements; sourceTree = "<group>"; };
		F4DD840B2C8B4EF4007D16DE /* CountDownWidgetExtension.appex */ = {isa = PBXFileReference; explicitFileType = "wrapper.app-extension"; includeInIndex = 0; path = CountDownWidgetExtension.appex; sourceTree = BUILT_PRODUCTS_DIR; };
		F4DD840D2C8B4EF4007D16DE /* WidgetKit.framework */ = {isa = PBXFileReference; lastKnownFileType = wrapper.framework; name = WidgetKit.framework; path = System/Library/Frameworks/WidgetKit.framework; sourceTree = SDKROOT; };
		F4DD840F2C8B4EF4007D16DE /* SwiftUI.framework */ = {isa = PBXFileReference; lastKnownFileType = wrapper.framework; name = SwiftUI.framework; path = System/Library/Frameworks/SwiftUI.framework; sourceTree = SDKROOT; };
		F4DD84122C8B4EF4007D16DE /* CountDownWidgetBundle.swift */ = {isa = PBXFileReference; lastKnownFileType = sourcecode.swift; path = CountDownWidgetBundle.swift; sourceTree = "<group>"; };
		F4DD84142C8B4EF4007D16DE /* CountDownWidgetLiveActivity.swift */ = {isa = PBXFileReference; lastKnownFileType = sourcecode.swift; path = CountDownWidgetLiveActivity.swift; sourceTree = "<group>"; };
		F4DD84162C8B4EF4007D16DE /* CountDownWidget.swift */ = {isa = PBXFileReference; lastKnownFileType = sourcecode.swift; path = CountDownWidget.swift; sourceTree = "<group>"; };
		F4DD84182C8B4EF4007D16DE /* AppIntent.swift */ = {isa = PBXFileReference; lastKnownFileType = sourcecode.swift; path = AppIntent.swift; sourceTree = "<group>"; };
		F4DD841A2C8B4EF5007D16DE /* Assets.xcassets */ = {isa = PBXFileReference; lastKnownFileType = folder.assetcatalog; path = Assets.xcassets; sourceTree = "<group>"; };
		F4DD841C2C8B4EF5007D16DE /* Info.plist */ = {isa = PBXFileReference; lastKnownFileType = text.plist.xml; path = Info.plist; sourceTree = "<group>"; };
/* End PBXFileReference section */

/* Begin PBXFrameworksBuildPhase section */
		F4DD83D62C8B4825007D16DE /* Frameworks */ = {
			isa = PBXFrameworksBuildPhase;
			buildActionMask = 2147483647;
			files = (
			);
			runOnlyForDeploymentPostprocessing = 0;
		};
		F4DD83E62C8B4826007D16DE /* Frameworks */ = {
			isa = PBXFrameworksBuildPhase;
			buildActionMask = 2147483647;
			files = (
			);
			runOnlyForDeploymentPostprocessing = 0;
		};
		F4DD83F02C8B4826007D16DE /* Frameworks */ = {
			isa = PBXFrameworksBuildPhase;
			buildActionMask = 2147483647;
			files = (
			);
			runOnlyForDeploymentPostprocessing = 0;
		};
		F4DD84082C8B4EF4007D16DE /* Frameworks */ = {
			isa = PBXFrameworksBuildPhase;
			buildActionMask = 2147483647;
			files = (
				F4DD84102C8B4EF4007D16DE /* SwiftUI.framework in Frameworks */,
				F4DD840E2C8B4EF4007D16DE /* WidgetKit.framework in Frameworks */,
			);
			runOnlyForDeploymentPostprocessing = 0;
		};
/* End PBXFrameworksBuildPhase section */

/* Begin PBXGroup section */
		F4DD83D02C8B4825007D16DE = {
			isa = PBXGroup;
			children = (
				F49114BC2C8B5856008C2281 /* CountDownWidgetExtensionDebug.entitlements */,
				F4DD84112C8B4EF4007D16DE /* CountDownWidget */,
				F4DD83DB2C8B4825007D16DE /* CountDown */,
				F4DD83EC2C8B4826007D16DE /* CountDownTests */,
				F4DD83F62C8B4826007D16DE /* CountDownUITests */,
				F4DD840C2C8B4EF4007D16DE /* Frameworks */,
				F4DD83DA2C8B4825007D16DE /* Products */,
			);
			sourceTree = "<group>";
		};
		F4DD83DA2C8B4825007D16DE /* Products */ = {
			isa = PBXGroup;
			children = (
				F4DD83D92C8B4825007D16DE /* CountDown.app */,
				F4DD83E92C8B4826007D16DE /* CountDownTests.xctest */,
				F4DD83F32C8B4826007D16DE /* CountDownUITests.xctest */,
				F4DD840B2C8B4EF4007D16DE /* CountDownWidgetExtension.appex */,
			);
			name = Products;
			sourceTree = "<group>";
		};
		F4DD83DB2C8B4825007D16DE /* CountDown */ = {
			isa = PBXGroup;
			children = (
				F4DD84062C8B4BFA007D16DE /* CountDownDebug.entitlements */,
				F4DD83DC2C8B4825007D16DE /* CountDownApp.swift */,
				F4DD83DE2C8B4825007D16DE /* ContentView.swift */,
				F4DD83E02C8B4826007D16DE /* Assets.xcassets */,
				F4DD83E22C8B4826007D16DE /* Preview Content */,
			);
			path = CountDown;
			sourceTree = "<group>";
		};
		F4DD83E22C8B4826007D16DE /* Preview Content */ = {
			isa = PBXGroup;
			children = (
				F4DD83E32C8B4826007D16DE /* Preview Assets.xcassets */,
			);
			path = "Preview Content";
			sourceTree = "<group>";
		};
		F4DD83EC2C8B4826007D16DE /* CountDownTests */ = {
			isa = PBXGroup;
			children = (
				F4DD83ED2C8B4826007D16DE /* CountDownTests.swift */,
			);
			path = CountDownTests;
			sourceTree = "<group>";
		};
		F4DD83F62C8B4826007D16DE /* CountDownUITests */ = {
			isa = PBXGroup;
			children = (
				F4DD83F72C8B4826007D16DE /* CountDownUITests.swift */,
				F4DD83F92C8B4826007D16DE /* CountDownUITestsLaunchTests.swift */,
			);
			path = CountDownUITests;
			sourceTree = "<group>";
		};
		F4DD840C2C8B4EF4007D16DE /* Frameworks */ = {
			isa = PBXGroup;
			children = (
				F4DD840D2C8B4EF4007D16DE /* WidgetKit.framework */,
				F4DD840F2C8B4EF4007D16DE /* SwiftUI.framework */,
			);
			name = Frameworks;
			sourceTree = "<group>";
		};
		F4DD84112C8B4EF4007D16DE /* CountDownWidget */ = {
			isa = PBXGroup;
			children = (
				F4DD84122C8B4EF4007D16DE /* CountDownWidgetBundle.swift */,
				F4DD84142C8B4EF4007D16DE /* CountDownWidgetLiveActivity.swift */,
				F4DD84162C8B4EF4007D16DE /* CountDownWidget.swift */,
				F4DD84182C8B4EF4007D16DE /* AppIntent.swift */,
				F4DD841A2C8B4EF5007D16DE /* Assets.xcassets */,
				F4DD841C2C8B4EF5007D16DE /* Info.plist */,
			);
			path = CountDownWidget;
			sourceTree = "<group>";
		};
/* End PBXGroup section */

/* Begin PBXNativeTarget section */
		F4DD83D82C8B4825007D16DE /* CountDown */ = {
			isa = PBXNativeTarget;
			buildConfigurationList = F4DD83FD2C8B4826007D16DE /* Build configuration list for PBXNativeTarget "CountDown" */;
			buildPhases = (
				F4DD83D52C8B4825007D16DE /* Sources */,
				F4DD83D62C8B4825007D16DE /* Frameworks */,
				F4DD83D72C8B4825007D16DE /* Resources */,
				F4DD84232C8B4EF5007D16DE /* Embed Foundation Extensions */,
			);
			buildRules = (
			);
			dependencies = (
				F4DD841E2C8B4EF5007D16DE /* PBXTargetDependency */,
			);
			name = CountDown;
			productName = CountDown;
			productReference = F4DD83D92C8B4825007D16DE /* CountDown.app */;
			productType = "com.apple.product-type.application";
		};
		F4DD83E82C8B4826007D16DE /* CountDownTests */ = {
			isa = PBXNativeTarget;
			buildConfigurationList = F4DD84002C8B4826007D16DE /* Build configuration list for PBXNativeTarget "CountDownTests" */;
			buildPhases = (
				F4DD83E52C8B4826007D16DE /* Sources */,
				F4DD83E62C8B4826007D16DE /* Frameworks */,
				F4DD83E72C8B4826007D16DE /* Resources */,
			);
			buildRules = (
			);
			dependencies = (
				F4DD83EB2C8B4826007D16DE /* PBXTargetDependency */,
			);
			name = CountDownTests;
			productName = CountDownTests;
			productReference = F4DD83E92C8B4826007D16DE /* CountDownTests.xctest */;
			productType = "com.apple.product-type.bundle.unit-test";
		};
		F4DD83F22C8B4826007D16DE /* CountDownUITests */ = {
			isa = PBXNativeTarget;
			buildConfigurationList = F4DD84032C8B4826007D16DE /* Build configuration list for PBXNativeTarget "CountDownUITests" */;
			buildPhases = (
				F4DD83EF2C8B4826007D16DE /* Sources */,
				F4DD83F02C8B4826007D16DE /* Frameworks */,
				F4DD83F12C8B4826007D16DE /* Resources */,
			);
			buildRules = (
			);
			dependencies = (
				F4DD83F52C8B4826007D16DE /* PBXTargetDependency */,
			);
			name = CountDownUITests;
			productName = CountDownUITests;
			productReference = F4DD83F32C8B4826007D16DE /* CountDownUITests.xctest */;
			productType = "com.apple.product-type.bundle.ui-testing";
		};
		F4DD840A2C8B4EF4007D16DE /* CountDownWidgetExtension */ = {
			isa = PBXNativeTarget;
			buildConfigurationList = F4DD84202C8B4EF5007D16DE /* Build configuration list for PBXNativeTarget "CountDownWidgetExtension" */;
			buildPhases = (
				F4DD84072C8B4EF4007D16DE /* Sources */,
				F4DD84082C8B4EF4007D16DE /* Frameworks */,
				F4DD84092C8B4EF4007D16DE /* Resources */,
			);
			buildRules = (
			);
			dependencies = (
			);
			name = CountDownWidgetExtension;
			productName = CountDownWidgetExtension;
			productReference = F4DD840B2C8B4EF4007D16DE /* CountDownWidgetExtension.appex */;
			productType = "com.apple.product-type.app-extension";
		};
/* End PBXNativeTarget section */

/* Begin PBXProject section */
		F4DD83D12C8B4825007D16DE /* Project object */ = {
			isa = PBXProject;
			attributes = {
				BuildIndependentTargetsInParallel = 1;
				LastSwiftUpdateCheck = 1540;
				LastUpgradeCheck = 1540;
				TargetAttributes = {
					F4DD83D82C8B4825007D16DE = {
						CreatedOnToolsVersion = 15.4;
					};
					F4DD83E82C8B4826007D16DE = {
						CreatedOnToolsVersion = 15.4;
						TestTargetID = F4DD83D82C8B4825007D16DE;
					};
					F4DD83F22C8B4826007D16DE = {
						CreatedOnToolsVersion = 15.4;
						TestTargetID = F4DD83D82C8B4825007D16DE;
					};
					F4DD840A2C8B4EF4007D16DE = {
						CreatedOnToolsVersion = 15.4;
					};
				};
			};
			buildConfigurationList = F4DD83D42C8B4825007D16DE /* Build configuration list for PBXProject "CountDown" */;
			compatibilityVersion = "Xcode 14.0";
			developmentRegion = en;
			hasScannedForEncodings = 0;
			knownRegions = (
				en,
				Base,
			);
			mainGroup = F4DD83D02C8B4825007D16DE;
			productRefGroup = F4DD83DA2C8B4825007D16DE /* Products */;
			projectDirPath = "";
			projectRoot = "";
			targets = (
				F4DD83D82C8B4825007D16DE /* CountDown */,
				F4DD83E82C8B4826007D16DE /* CountDownTests */,
				F4DD83F22C8B4826007D16DE /* CountDownUITests */,
				F4DD840A2C8B4EF4007D16DE /* CountDownWidgetExtension */,
			);
		};
/* End PBXProject section */

/* Begin PBXResourcesBuildPhase section */
		F4DD83D72C8B4825007D16DE /* Resources */ = {
			isa = PBXResourcesBuildPhase;
			buildActionMask = 2147483647;
			files = (
				F4DD83E42C8B4826007D16DE /* Preview Assets.xcassets in Resources */,
				F4DD83E12C8B4826007D16DE /* Assets.xcassets in Resources */,
			);
			runOnlyForDeploymentPostprocessing = 0;
		};
		F4DD83E72C8B4826007D16DE /* Resources */ = {
			isa = PBXResourcesBuildPhase;
			buildActionMask = 2147483647;
			files = (
			);
			runOnlyForDeploymentPostprocessing = 0;
		};
		F4DD83F12C8B4826007D16DE /* Resources */ = {
			isa = PBXResourcesBuildPhase;
			buildActionMask = 2147483647;
			files = (
			);
			runOnlyForDeploymentPostprocessing = 0;
		};
		F4DD84092C8B4EF4007D16DE /* Resources */ = {
			isa = PBXResourcesBuildPhase;
			buildActionMask = 2147483647;
			files = (
				F4DD841B2C8B4EF5007D16DE /* Assets.xcassets in Resources */,
			);
			runOnlyForDeploymentPostprocessing = 0;
		};
/* End PBXResourcesBuildPhase section */

/* Begin PBXSourcesBuildPhase section */
		F4DD83D52C8B4825007D16DE /* Sources */ = {
			isa = PBXSourcesBuildPhase;
			buildActionMask = 2147483647;
			files = (
				F4DD83DF2C8B4825007D16DE /* ContentView.swift in Sources */,
				F4DD83DD2C8B4825007D16DE /* CountDownApp.swift in Sources */,
			);
			runOnlyForDeploymentPostprocessing = 0;
		};
		F4DD83E52C8B4826007D16DE /* Sources */ = {
			isa = PBXSourcesBuildPhase;
			buildActionMask = 2147483647;
			files = (
				F4DD83EE2C8B4826007D16DE /* CountDownTests.swift in Sources */,
			);
			runOnlyForDeploymentPostprocessing = 0;
		};
		F4DD83EF2C8B4826007D16DE /* Sources */ = {
			isa = PBXSourcesBuildPhase;
			buildActionMask = 2147483647;
			files = (
				F4DD83FA2C8B4826007D16DE /* CountDownUITestsLaunchTests.swift in Sources */,
				F4DD83F82C8B4826007D16DE /* CountDownUITests.swift in Sources */,
			);
			runOnlyForDeploymentPostprocessing = 0;
		};
		F4DD84072C8B4EF4007D16DE /* Sources */ = {
			isa = PBXSourcesBuildPhase;
			buildActionMask = 2147483647;
			files = (
				F4DD84172C8B4EF4007D16DE /* CountDownWidget.swift in Sources */,
				F4DD84192C8B4EF4007D16DE /* AppIntent.swift in Sources */,
				F4DD84152C8B4EF4007D16DE /* CountDownWidgetLiveActivity.swift in Sources */,
				F4DD84132C8B4EF4007D16DE /* CountDownWidgetBundle.swift in Sources */,
			);
			runOnlyForDeploymentPostprocessing = 0;
		};
/* End PBXSourcesBuildPhase section */

/* Begin PBXTargetDependency section */
		F4DD83EB2C8B4826007D16DE /* PBXTargetDependency */ = {
			isa = PBXTargetDependency;
			target = F4DD83D82C8B4825007D16DE /* CountDown */;
			targetProxy = F4DD83EA2C8B4826007D16DE /* PBXContainerItemProxy */;
		};
		F4DD83F52C8B4826007D16DE /* PBXTargetDependency */ = {
			isa = PBXTargetDependency;
			target = F4DD83D82C8B4825007D16DE /* CountDown */;
			targetProxy = F4DD83F42C8B4826007D16DE /* PBXContainerItemProxy */;
		};
		F4DD841E2C8B4EF5007D16DE /* PBXTargetDependency */ = {
			isa = PBXTargetDependency;
			target = F4DD840A2C8B4EF4007D16DE /* CountDownWidgetExtension */;
			targetProxy = F4DD841D2C8B4EF5007D16DE /* PBXContainerItemProxy */;
		};
/* End PBXTargetDependency section */

/* Begin XCBuildConfiguration section */
		F4DD83FB2C8B4826007D16DE /* Debug */ = {
			isa = XCBuildConfiguration;
			buildSettings = {
				ALWAYS_SEARCH_USER_PATHS = NO;
				ASSETCATALOG_COMPILER_GENERATE_SWIFT_ASSET_SYMBOL_EXTENSIONS = YES;
				CLANG_ANALYZER_NONNULL = YES;
				CLANG_ANALYZER_NUMBER_OBJECT_CONVERSION = YES_AGGRESSIVE;
				CLANG_CXX_LANGUAGE_STANDARD = "gnu++20";
				CLANG_ENABLE_MODULES = YES;
				CLANG_ENABLE_OBJC_ARC = YES;
				CLANG_ENABLE_OBJC_WEAK = YES;
				CLANG_WARN_BLOCK_CAPTURE_AUTORELEASING = YES;
				CLANG_WARN_BOOL_CONVERSION = YES;
				CLANG_WARN_COMMA = YES;
				CLANG_WARN_CONSTANT_CONVERSION = YES;
				CLANG_WARN_DEPRECATED_OBJC_IMPLEMENTATIONS = YES;
				CLANG_WARN_DIRECT_OBJC_ISA_USAGE = YES_ERROR;
				CLANG_WARN_DOCUMENTATION_COMMENTS = YES;
				CLANG_WARN_EMPTY_BODY = YES;
				CLANG_WARN_ENUM_CONVERSION = YES;
				CLANG_WARN_INFINITE_RECURSION = YES;
				CLANG_WARN_INT_CONVERSION = YES;
				CLANG_WARN_NON_LITERAL_NULL_CONVERSION = YES;
				CLANG_WARN_OBJC_IMPLICIT_RETAIN_SELF = YES;
				CLANG_WARN_OBJC_LITERAL_CONVERSION = YES;
				CLANG_WARN_OBJC_ROOT_CLASS = YES_ERROR;
				CLANG_WARN_QUOTED_INCLUDE_IN_FRAMEWORK_HEADER = YES;
				CLANG_WARN_RANGE_LOOP_ANALYSIS = YES;
				CLANG_WARN_STRICT_PROTOTYPES = YES;
				CLANG_WARN_SUSPICIOUS_MOVE = YES;
				CLANG_WARN_UNGUARDED_AVAILABILITY = YES_AGGRESSIVE;
				CLANG_WARN_UNREACHABLE_CODE = YES;
				CLANG_WARN__DUPLICATE_METHOD_MATCH = YES;
				COPY_PHASE_STRIP = NO;
				DEBUG_INFORMATION_FORMAT = dwarf;
				ENABLE_STRICT_OBJC_MSGSEND = YES;
				ENABLE_TESTABILITY = YES;
				ENABLE_USER_SCRIPT_SANDBOXING = YES;
				GCC_C_LANGUAGE_STANDARD = gnu17;
				GCC_DYNAMIC_NO_PIC = NO;
				GCC_NO_COMMON_BLOCKS = YES;
				GCC_OPTIMIZATION_LEVEL = 0;
				GCC_PREPROCESSOR_DEFINITIONS = (
					"DEBUG=1",
					"$(inherited)",
				);
				GCC_WARN_64_TO_32_BIT_CONVERSION = YES;
				GCC_WARN_ABOUT_RETURN_TYPE = YES_ERROR;
				GCC_WARN_UNDECLARED_SELECTOR = YES;
				GCC_WARN_UNINITIALIZED_AUTOS = YES_AGGRESSIVE;
				GCC_WARN_UNUSED_FUNCTION = YES;
				GCC_WARN_UNUSED_VARIABLE = YES;
				IPHONEOS_DEPLOYMENT_TARGET = 17.5;
				LOCALIZATION_PREFERS_STRING_CATALOGS = YES;
				MTL_ENABLE_DEBUG_INFO = INCLUDE_SOURCE;
				MTL_FAST_MATH = YES;
				ONLY_ACTIVE_ARCH = YES;
				SDKROOT = iphoneos;
				SWIFT_ACTIVE_COMPILATION_CONDITIONS = "DEBUG $(inherited)";
				SWIFT_OPTIMIZATION_LEVEL = "-Onone";
			};
			name = Debug;
		};
		F4DD83FC2C8B4826007D16DE /* Release */ = {
			isa = XCBuildConfiguration;
			buildSettings = {
				ALWAYS_SEARCH_USER_PATHS = NO;
				ASSETCATALOG_COMPILER_GENERATE_SWIFT_ASSET_SYMBOL_EXTENSIONS = YES;
				CLANG_ANALYZER_NONNULL = YES;
				CLANG_ANALYZER_NUMBER_OBJECT_CONVERSION = YES_AGGRESSIVE;
				CLANG_CXX_LANGUAGE_STANDARD = "gnu++20";
				CLANG_ENABLE_MODULES = YES;
				CLANG_ENABLE_OBJC_ARC = YES;
				CLANG_ENABLE_OBJC_WEAK = YES;
				CLANG_WARN_BLOCK_CAPTURE_AUTORELEASING = YES;
				CLANG_WARN_BOOL_CONVERSION = YES;
				CLANG_WARN_COMMA = YES;
				CLANG_WARN_CONSTANT_CONVERSION = YES;
				CLANG_WARN_DEPRECATED_OBJC_IMPLEMENTATIONS = YES;
				CLANG_WARN_DIRECT_OBJC_ISA_USAGE = YES_ERROR;
				CLANG_WARN_DOCUMENTATION_COMMENTS = YES;
				CLANG_WARN_EMPTY_BODY = YES;
				CLANG_WARN_ENUM_CONVERSION = YES;
				CLANG_WARN_INFINITE_RECURSION = YES;
				CLANG_WARN_INT_CONVERSION = YES;
				CLANG_WARN_NON_LITERAL_NULL_CONVERSION = YES;
				CLANG_WARN_OBJC_IMPLICIT_RETAIN_SELF = YES;
				CLANG_WARN_OBJC_LITERAL_CONVERSION = YES;
				CLANG_WARN_OBJC_ROOT_CLASS = YES_ERROR;
				CLANG_WARN_QUOTED_INCLUDE_IN_FRAMEWORK_HEADER = YES;
				CLANG_WARN_RANGE_LOOP_ANALYSIS = YES;
				CLANG_WARN_STRICT_PROTOTYPES = YES;
				CLANG_WARN_SUSPICIOUS_MOVE = YES;
				CLANG_WARN_UNGUARDED_AVAILABILITY = YES_AGGRESSIVE;
				CLANG_WARN_UNREACHABLE_CODE = YES;
				CLANG_WARN__DUPLICATE_METHOD_MATCH = YES;
				COPY_PHASE_STRIP = NO;
				DEBUG_INFORMATION_FORMAT = "dwarf-with-dsym";
				ENABLE_NS_ASSERTIONS = NO;
				ENABLE_STRICT_OBJC_MSGSEND = YES;
				ENABLE_USER_SCRIPT_SANDBOXING = YES;
				GCC_C_LANGUAGE_STANDARD = gnu17;
				GCC_NO_COMMON_BLOCKS = YES;
				GCC_WARN_64_TO_32_BIT_CONVERSION = YES;
				GCC_WARN_ABOUT_RETURN_TYPE = YES_ERROR;
				GCC_WARN_UNDECLARED_SELECTOR = YES;
				GCC_WARN_UNINITIALIZED_AUTOS = YES_AGGRESSIVE;
				GCC_WARN_UNUSED_FUNCTION = YES;
				GCC_WARN_UNUSED_VARIABLE = YES;
				IPHONEOS_DEPLOYMENT_TARGET = 17.5;
				LOCALIZATION_PREFERS_STRING_CATALOGS = YES;
				MTL_ENABLE_DEBUG_INFO = NO;
				MTL_FAST_MATH = YES;
				SDKROOT = iphoneos;
				SWIFT_COMPILATION_MODE = wholemodule;
				VALIDATE_PRODUCT = YES;
			};
			name = Release;
		};
		F4DD83FE2C8B4826007D16DE /* Debug */ = {
			isa = XCBuildConfiguration;
			buildSettings = {
				ALWAYS_EMBED_SWIFT_STANDARD_LIBRARIES = YES;
				ASSETCATALOG_COMPILER_APPICON_NAME = AppIcon;
				ASSETCATALOG_COMPILER_GLOBAL_ACCENT_COLOR_NAME = AccentColor;
				CODE_SIGN_ENTITLEMENTS = CountDown/CountDownDebug.entitlements;
				CODE_SIGN_STYLE = Automatic;
				CURRENT_PROJECT_VERSION = 1;
				DEVELOPMENT_ASSET_PATHS = "\"CountDown/Preview Content\"";
				DEVELOPMENT_TEAM = 9Q4WK7ZKWP;
				ENABLE_PREVIEWS = YES;
				GENERATE_INFOPLIST_FILE = YES;
				INFOPLIST_KEY_UIApplicationSceneManifest_Generation = YES;
				INFOPLIST_KEY_UIApplicationSupportsIndirectInputEvents = YES;
				INFOPLIST_KEY_UILaunchScreen_Generation = YES;
				INFOPLIST_KEY_UISupportedInterfaceOrientations_iPad = "UIInterfaceOrientationPortrait UIInterfaceOrientationPortraitUpsideDown UIInterfaceOrientationLandscapeLeft UIInterfaceOrientationLandscapeRight";
				INFOPLIST_KEY_UISupportedInterfaceOrientations_iPhone = "UIInterfaceOrientationPortrait UIInterfaceOrientationLandscapeLeft UIInterfaceOrientationLandscapeRight";
				LD_RUNPATH_SEARCH_PATHS = (
					"$(inherited)",
					"@executable_path/Frameworks",
				);
				MARKETING_VERSION = 1.0;
				PRODUCT_BUNDLE_IDENTIFIER = bence.CountDown;
				PRODUCT_NAME = "$(TARGET_NAME)";
				SWIFT_EMIT_LOC_STRINGS = YES;
				SWIFT_VERSION = 5.0;
				TARGETED_DEVICE_FAMILY = "1,2";
			};
			name = Debug;
		};
		F4DD83FF2C8B4826007D16DE /* Release */ = {
			isa = XCBuildConfiguration;
			buildSettings = {
				ALWAYS_EMBED_SWIFT_STANDARD_LIBRARIES = YES;
				ASSETCATALOG_COMPILER_APPICON_NAME = AppIcon;
				ASSETCATALOG_COMPILER_GLOBAL_ACCENT_COLOR_NAME = AccentColor;
				CODE_SIGN_STYLE = Automatic;
				CURRENT_PROJECT_VERSION = 1;
				DEVELOPMENT_ASSET_PATHS = "\"CountDown/Preview Content\"";
				DEVELOPMENT_TEAM = 9Q4WK7ZKWP;
				ENABLE_PREVIEWS = YES;
				GENERATE_INFOPLIST_FILE = YES;
				INFOPLIST_KEY_UIApplicationSceneManifest_Generation = YES;
				INFOPLIST_KEY_UIApplicationSupportsIndirectInputEvents = YES;
				INFOPLIST_KEY_UILaunchScreen_Generation = YES;
				INFOPLIST_KEY_UISupportedInterfaceOrientations_iPad = "UIInterfaceOrientationPortrait UIInterfaceOrientationPortraitUpsideDown UIInterfaceOrientationLandscapeLeft UIInterfaceOrientationLandscapeRight";
				INFOPLIST_KEY_UISupportedInterfaceOrientations_iPhone = "UIInterfaceOrientationPortrait UIInterfaceOrientationLandscapeLeft UIInterfaceOrientationLandscapeRight";
				LD_RUNPATH_SEARCH_PATHS = (
					"$(inherited)",
					"@executable_path/Frameworks",
				);
				MARKETING_VERSION = 1.0;
				PRODUCT_BUNDLE_IDENTIFIER = bence.CountDown;
				PRODUCT_NAME = "$(TARGET_NAME)";
				SWIFT_EMIT_LOC_STRINGS = YES;
				SWIFT_VERSION = 5.0;
				TARGETED_DEVICE_FAMILY = "1,2";
			};
			name = Release;
		};
		F4DD84012C8B4826007D16DE /* Debug */ = {
			isa = XCBuildConfiguration;
			buildSettings = {
				ALWAYS_EMBED_SWIFT_STANDARD_LIBRARIES = YES;
				BUNDLE_LOADER = "$(TEST_HOST)";
				CODE_SIGN_STYLE = Automatic;
				CURRENT_PROJECT_VERSION = 1;
				DEVELOPMENT_TEAM = 9Q4WK7ZKWP;
				GENERATE_INFOPLIST_FILE = YES;
				IPHONEOS_DEPLOYMENT_TARGET = 17.5;
				MARKETING_VERSION = 1.0;
				PRODUCT_BUNDLE_IDENTIFIER = bence.CountDownTests;
				PRODUCT_NAME = "$(TARGET_NAME)";
				SWIFT_EMIT_LOC_STRINGS = NO;
				SWIFT_VERSION = 5.0;
				TARGETED_DEVICE_FAMILY = "1,2";
				TEST_HOST = "$(BUILT_PRODUCTS_DIR)/CountDown.app/$(BUNDLE_EXECUTABLE_FOLDER_PATH)/CountDown";
			};
			name = Debug;
		};
		F4DD84022C8B4826007D16DE /* Release */ = {
			isa = XCBuildConfiguration;
			buildSettings = {
				ALWAYS_EMBED_SWIFT_STANDARD_LIBRARIES = YES;
				BUNDLE_LOADER = "$(TEST_HOST)";
				CODE_SIGN_STYLE = Automatic;
				CURRENT_PROJECT_VERSION = 1;
				DEVELOPMENT_TEAM = 9Q4WK7ZKWP;
				GENERATE_INFOPLIST_FILE = YES;
				IPHONEOS_DEPLOYMENT_TARGET = 17.5;
				MARKETING_VERSION = 1.0;
				PRODUCT_BUNDLE_IDENTIFIER = bence.CountDownTests;
				PRODUCT_NAME = "$(TARGET_NAME)";
				SWIFT_EMIT_LOC_STRINGS = NO;
				SWIFT_VERSION = 5.0;
				TARGETED_DEVICE_FAMILY = "1,2";
				TEST_HOST = "$(BUILT_PRODUCTS_DIR)/CountDown.app/$(BUNDLE_EXECUTABLE_FOLDER_PATH)/CountDown";
			};
			name = Release;
		};
		F4DD84042C8B4826007D16DE /* Debug */ = {
			isa = XCBuildConfiguration;
			buildSettings = {
				ALWAYS_EMBED_SWIFT_STANDARD_LIBRARIES = YES;
				CODE_SIGN_STYLE = Automatic;
				CURRENT_PROJECT_VERSION = 1;
				DEVELOPMENT_TEAM = 9Q4WK7ZKWP;
				GENERATE_INFOPLIST_FILE = YES;
				MARKETING_VERSION = 1.0;
				PRODUCT_BUNDLE_IDENTIFIER = bence.CountDownUITests;
				PRODUCT_NAME = "$(TARGET_NAME)";
				SWIFT_EMIT_LOC_STRINGS = NO;
				SWIFT_VERSION = 5.0;
				TARGETED_DEVICE_FAMILY = "1,2";
				TEST_TARGET_NAME = CountDown;
			};
			name = Debug;
		};
		F4DD84052C8B4826007D16DE /* Release */ = {
			isa = XCBuildConfiguration;
			buildSettings = {
				ALWAYS_EMBED_SWIFT_STANDARD_LIBRARIES = YES;
				CODE_SIGN_STYLE = Automatic;
				CURRENT_PROJECT_VERSION = 1;
				DEVELOPMENT_TEAM = 9Q4WK7ZKWP;
				GENERATE_INFOPLIST_FILE = YES;
				MARKETING_VERSION = 1.0;
				PRODUCT_BUNDLE_IDENTIFIER = bence.CountDownUITests;
				PRODUCT_NAME = "$(TARGET_NAME)";
				SWIFT_EMIT_LOC_STRINGS = NO;
				SWIFT_VERSION = 5.0;
				TARGETED_DEVICE_FAMILY = "1,2";
				TEST_TARGET_NAME = CountDown;
			};
			name = Release;
		};
		F4DD84212C8B4EF5007D16DE /* Debug */ = {
			isa = XCBuildConfiguration;
			buildSettings = {
				ASSETCATALOG_COMPILER_GLOBAL_ACCENT_COLOR_NAME = AccentColor;
				ASSETCATALOG_COMPILER_WIDGET_BACKGROUND_COLOR_NAME = WidgetBackground;
				CODE_SIGN_ENTITLEMENTS = CountDownWidgetExtensionDebug.entitlements;
				CODE_SIGN_STYLE = Automatic;
				CURRENT_PROJECT_VERSION = 1;
				DEVELOPMENT_TEAM = 9Q4WK7ZKWP;
				GENERATE_INFOPLIST_FILE = YES;
				INFOPLIST_FILE = CountDownWidget/Info.plist;
				INFOPLIST_KEY_CFBundleDisplayName = CountDownWidget;
				INFOPLIST_KEY_NSHumanReadableCopyright = "";
				LD_RUNPATH_SEARCH_PATHS = (
					"$(inherited)",
					"@executable_path/Frameworks",
					"@executable_path/../../Frameworks",
				);
				MARKETING_VERSION = 1.0;
				PRODUCT_BUNDLE_IDENTIFIER = bence.CountDown.CountDownWidget;
				PRODUCT_NAME = "$(TARGET_NAME)";
				SKIP_INSTALL = YES;
				SWIFT_EMIT_LOC_STRINGS = YES;
				SWIFT_VERSION = 5.0;
				TARGETED_DEVICE_FAMILY = "1,2";
			};
			name = Debug;
		};
		F4DD84222C8B4EF5007D16DE /* Release */ = {
			isa = XCBuildConfiguration;
			buildSettings = {
				ASSETCATALOG_COMPILER_GLOBAL_ACCENT_COLOR_NAME = AccentColor;
				ASSETCATALOG_COMPILER_WIDGET_BACKGROUND_COLOR_NAME = WidgetBackground;
				CODE_SIGN_STYLE = Automatic;
				CURRENT_PROJECT_VERSION = 1;
				DEVELOPMENT_TEAM = 9Q4WK7ZKWP;
				GENERATE_INFOPLIST_FILE = YES;
				INFOPLIST_FILE = CountDownWidget/Info.plist;
				INFOPLIST_KEY_CFBundleDisplayName = CountDownWidget;
				INFOPLIST_KEY_NSHumanReadableCopyright = "";
				LD_RUNPATH_SEARCH_PATHS = (
					"$(inherited)",
					"@executable_path/Frameworks",
					"@executable_path/../../Frameworks",
				);
				MARKETING_VERSION = 1.0;
				PRODUCT_BUNDLE_IDENTIFIER = bence.CountDown.CountDownWidget;
				PRODUCT_NAME = "$(TARGET_NAME)";
				SKIP_INSTALL = YES;
				SWIFT_EMIT_LOC_STRINGS = YES;
				SWIFT_VERSION = 5.0;
				TARGETED_DEVICE_FAMILY = "1,2";
			};
			name = Release;
		};
/* End XCBuildConfiguration section */

/* Begin XCConfigurationList section */
		F4DD83D42C8B4825007D16DE /* Build configuration list for PBXProject "CountDown" */ = {
			isa = XCConfigurationList;
			buildConfigurations = (
				F4DD83FB2C8B4826007D16DE /* Debug */,
				F4DD83FC2C8B4826007D16DE /* Release */,
			);
			defaultConfigurationIsVisible = 0;
			defaultConfigurationName = Release;
		};
		F4DD83FD2C8B4826007D16DE /* Build configuration list for PBXNativeTarget "CountDown" */ = {
			isa = XCConfigurationList;
			buildConfigurations = (
				F4DD83FE2C8B4826007D16DE /* Debug */,
				F4DD83FF2C8B4826007D16DE /* Release */,
			);
			defaultConfigurationIsVisible = 0;
			defaultConfigurationName = Release;
		};
		F4DD84002C8B4826007D16DE /* Build configuration list for PBXNativeTarget "CountDownTests" */ = {
			isa = XCConfigurationList;
			buildConfigurations = (
				F4DD84012C8B4826007D16DE /* Debug */,
				F4DD84022C8B4826007D16DE /* Release */,
			);
			defaultConfigurationIsVisible = 0;
			defaultConfigurationName = Release;
		};
		F4DD84032C8B4826007D16DE /* Build configuration list for PBXNativeTarget "CountDownUITests" */ = {
			isa = XCConfigurationList;
			buildConfigurations = (
				F4DD84042C8B4826007D16DE /* Debug */,
				F4DD84052C8B4826007D16DE /* Release */,
			);
			defaultConfigurationIsVisible = 0;
			defaultConfigurationName = Release;
		};
		F4DD84202C8B4EF5007D16DE /* Build configuration list for PBXNativeTarget "CountDownWidgetExtension" */ = {
			isa = XCConfigurationList;
			buildConfigurations = (
				F4DD84212C8B4EF5007D16DE /* Debug */,
				F4DD84222C8B4EF5007D16DE /* Release */,
			);
			defaultConfigurationIsVisible = 0;
			defaultConfigurationName = Release;
		};
/* End XCConfigurationList section */
	};
	rootObject = F4DD83D12C8B4825007D16DE /* Project object */;
}
